
Microsoft Visual Studio Solution File, Format Version 12.00
Project("{FAE04EC0-301F-11D3-BF4B-00C04F79EFBC}") = "PollManagerCLI", "PollManagerCLI\PollManagerCLI.csproj", "{6606184B-B1D7-4A13-85AF-FF6EB9BDB248}"
EndProject
Global
	GlobalSection(SolutionConfigurationPlatforms) = preSolution
		Debug|Any CPU = Debug|Any CPU
		Release|Any CPU = Release|Any CPU
	EndGlobalSection
	GlobalSection(ProjectConfigurationPlatforms) = postSolution
		{6606184B-B1D7-4A13-85AF-FF6EB9BDB248}.Debug|Any CPU.ActiveCfg = Debug|Any CPU
		{6606184B-B1D7-4A13-85AF-FF6EB9BDB248}.Debug|Any CPU.Build.0 = Debug|Any CPU
		{6606184B-B1D7-4A13-85AF-FF6EB9BDB248}.Release|Any CPU.ActiveCfg = Release|Any CPU
		{6606184B-B1D7-4A13-85AF-FF6EB9BDB248}.Release|Any CPU.Build.0 = Release|Any CPU
	EndGlobalSection
EndGlobal
